// !$*UTF8*$!
{
	archiveVersion = 1;
	classes = {
	};
	objectVersion = 48;
	objects = {

/* Begin PBXBuildFile section */
		8BF2BAFC1F3B8BE8009335DF /* AppDelegate.swift in Sources */ = {isa = PBXBuildFile; fileRef = 8BF2BAFB1F3B8BE8009335DF /* AppDelegate.swift */; };
		8BF2BB011F3B8BE8009335DF /* Main.storyboard in Resources */ = {isa = PBXBuildFile; fileRef = 8BF2BAFF1F3B8BE8009335DF /* Main.storyboard */; };
		8BF2BB031F3B8BE8009335DF /* Assets.xcassets in Resources */ = {isa = PBXBuildFile; fileRef = 8BF2BB021F3B8BE8009335DF /* Assets.xcassets */; };
		8BF2BB061F3B8BE8009335DF /* LaunchScreen.storyboard in Resources */ = {isa = PBXBuildFile; fileRef = 8BF2BB041F3B8BE8009335DF /* LaunchScreen.storyboard */; };
		8BF2BB0E1F3B8CE6009335DF /* TableViewController.swift in Sources */ = {isa = PBXBuildFile; fileRef = 8BF2BB0D1F3B8CE6009335DF /* TableViewController.swift */; };
		8BF2BB101F3B8D18009335DF /* Cell.swift in Sources */ = {isa = PBXBuildFile; fileRef = 8BF2BB0F1F3B8D18009335DF /* Cell.swift */; };
/* End PBXBuildFile section */

/* Begin PBXFileReference section */
		8BF2BAF81F3B8BE8009335DF /* TableViewSelfSizing.app */ = {isa = PBXFileReference; explicitFileType = wrapper.application; includeInIndex = 0; path = TableViewSelfSizing.app; sourceTree = BUILT_PRODUCTS_DIR; };
		8BF2BAFB1F3B8BE8009335DF /* AppDelegate.swift */ = {isa = PBXFileReference; lastKnownFileType = sourcecode.swift; path = AppDelegate.swift; sourceTree = "<group>"; };
		8BF2BB001F3B8BE8009335DF /* Base */ = {isa = PBXFileReference; lastKnownFileType = file.storyboard; name = Base; path = Base.lproj/Main.storyboard; sourceTree = "<group>"; };
		8BF2BB021F3B8BE8009335DF /* Assets.xcassets */ = {isa = PBXFileReference; lastKnownFileType = folder.assetcatalog; path = Assets.xcassets; sourceTree = "<group>"; };
		8BF2BB051F3B8BE8009335DF /* Base */ = {isa = PBXFileReference; lastKnownFileType = file.storyboard; name = Base; path = Base.lproj/LaunchScreen.storyboard; sourceTree = "<group>"; };
		8BF2BB071F3B8BE8009335DF /* Info.plist */ = {isa = PBXFileReference; lastKnownFileType = text.plist.xml; path = Info.plist; sourceTree = "<group>"; };
		8BF2BB0D1F3B8CE6009335DF /* TableViewController.swift */ = {isa = PBXFileReference; lastKnownFileType = sourcecode.swift; path = TableViewController.swift; sourceTree = "<group>"; };
		8BF2BB0F1F3B8D18009335DF /* Cell.swift */ = {isa = PBXFileReference; lastKnownFileType = sourcecode.swift; path = Cell.swift; sourceTree = "<group>"; };
/* End PBXFileReference section */

/* Begin PBXFrameworksBuildPhase section */
		8BF2BAF51F3B8BE8009335DF /* Frameworks */ = {
			isa = PBXFrameworksBuildPhase;
			buildActionMask = 2147483647;
			files = (
			);
			runOnlyForDeploymentPostprocessing = 0;
		};
/* End PBXFrameworksBuildPhase section */

/* Begin PBXGroup section */
		8BF2BAEF1F3B8BE8009335DF = {
			isa = PBXGroup;
			children = (
				8BF2BAFA1F3B8BE8009335DF /* TableViewSelfSizing */,
				8BF2BAF91F3B8BE8009335DF /* Products */,
			);
			sourceTree = "<group>";
		};
		8BF2BAF91F3B8BE8009335DF /* Products */ = {
			isa = PBXGroup;
			children = (
				8BF2BAF81F3B8BE8009335DF /* TableViewSelfSizing.app */,
			);
			name = Products;
			sourceTree = "<group>";
		};
		8BF2BAFA1F3B8BE8009335DF /* TableViewSelfSizing */ = {
			isa = PBXGroup;
			children = (
				8BF2BAFB1F3B8BE8009335DF /* AppDelegate.swift */,
				8BF2BAFF1F3B8BE8009335DF /* Main.storyboard */,
				8BF2BB021F3B8BE8009335DF /* Assets.xcassets */,
				8BF2BB041F3B8BE8009335DF /* LaunchScreen.storyboard */,
				8BF2BB071F3B8BE8009335DF /* Info.plist */,
				8BF2BB0D1F3B8CE6009335DF /* TableViewController.swift */,
				8BF2BB0F1F3B8D18009335DF /* Cell.swift */,
			);
			path = TableViewSelfSizing;
			sourceTree = "<group>";
		};
/* End PBXGroup section */

/* Begin PBXNativeTarget section */
		8BF2BAF71F3B8BE8009335DF /* TableViewSelfSizing */ = {
			isa = PBXNativeTarget;
			buildConfigurationList = 8BF2BB0A1F3B8BE8009335DF /* Build configuration list for PBXNativeTarget "TableViewSelfSizing" */;
			buildPhases = (
				8BF2BAF41F3B8BE8009335DF /* Sources */,
				8BF2BAF51F3B8BE8009335DF /* Frameworks */,
				8BF2BAF61F3B8BE8009335DF /* Resources */,
			);
			buildRules = (
			);
			dependencies = (
			);
			name = TableViewSelfSizing;
			productName = TableViewSelfSizing;
			productReference = 8BF2BAF81F3B8BE8009335DF /* TableViewSelfSizing.app */;
			productType = "com.apple.product-type.application";
		};
/* End PBXNativeTarget section */

/* Begin PBXProject section */
		8BF2BAF01F3B8BE8009335DF /* Project object */ = {
			isa = PBXProject;
			attributes = {
				LastSwiftUpdateCheck = 0900;
				LastUpgradeCheck = 0900;
				ORGANIZATIONNAME = "iOS Café";
				TargetAttributes = {
					8BF2BAF71F3B8BE8009335DF = {
						CreatedOnToolsVersion = 9.0;
					};
				};
			};
			buildConfigurationList = 8BF2BAF31F3B8BE8009335DF /* Build configuration list for PBXProject "TableViewSelfSizing" */;
			compatibilityVersion = "Xcode 8.0";
			developmentRegion = en;
			hasScannedForEncodings = 0;
			knownRegions = (
				en,
				Base,
			);
			mainGroup = 8BF2BAEF1F3B8BE8009335DF;
			productRefGroup = 8BF2BAF91F3B8BE8009335DF /* Products */;
			projectDirPath = "";
			projectRoot = "";
			targets = (
				8BF2BAF71F3B8BE8009335DF /* TableViewSelfSizing */,
			);
		};
/* End PBXProject section */

/* Begin PBXResourcesBuildPhase section */
		8BF2BAF61F3B8BE8009335DF /* Resources */ = {
			isa = PBXResourcesBuildPhase;
			buildActionMask = 2147483647;
			files = (
				8BF2BB061F3B8BE8009335DF /* LaunchScreen.storyboard in Resources */,
				8BF2BB031F3B8BE8009335DF /* Assets.xcassets in Resources */,
				8BF2BB011F3B8BE8009335DF /* Main.storyboard in Resources */,
			);
			runOnlyForDeploymentPostprocessing = 0;
		};
/* End PBXResourcesBuildPhase section */

/* Begin PBXSourcesBuildPhase section */
		8BF2BAF41F3B8BE8009335DF /* Sources */ = {
			isa = PBXSourcesBuildPhase;
			buildActionMask = 2147483647;
			files = (
				8BF2BAFC1F3B8BE8009335DF /* AppDelegate.swift in Sources */,
				8BF2BB0E1F3B8CE6009335DF /* TableViewController.swift in Sources */,
				8BF2BB101F3B8D18009335DF /* Cell.swift in Sources */,
			);
			runOnlyForDeploymentPostprocessing = 0;
		};
/* End PBXSourcesBuildPhase section */

/* Begin PBXVariantGroup section */
		8BF2BAFF1F3B8BE8009335DF /* Main.storyboard */ = {
			isa = PBXVariantGroup;
			children = (
				8BF2BB001F3B8BE8009335DF /* Base */,
			);
			name = Main.storyboard;
			sourceTree = "<group>";
		};
		8BF2BB041F3B8BE8009335DF /* LaunchScreen.storyboard */ = {
			isa = PBXVariantGroup;
			children = (
				8BF2BB051F3B8BE8009335DF /* Base */,
			);
			name = LaunchScreen.storyboard;
			sourceTree = "<group>";
		};
/* End PBXVariantGroup section */

/* Begin XCBuildConfiguration section */
		8BF2BB081F3B8BE8009335DF /* Debug */ = {
			isa = XCBuildConfiguration;
			buildSettings = {
				ALWAYS_SEARCH_USER_PATHS = NO;
				CLANG_ANALYZER_NONNULL = YES;
				CLANG_ANALYZER_NUMBER_OBJECT_CONVERSION = YES_AGGRESSIVE;
				CLANG_CXX_LANGUAGE_STANDARD = "gnu++14";
				CLANG_CXX_LIBRARY = "libc++";
				CLANG_ENABLE_MODULES = YES;
				CLANG_ENABLE_OBJC_ARC = YES;
				CLANG_WARN_BLOCK_CAPTURE_AUTORELEASING = YES;
				CLANG_WARN_BOOL_CONVERSION = YES;
				CLANG_WARN_COMMA = YES;
				CLANG_WARN_CONSTANT_CONVERSION = YES;
				CLANG_WARN_DIRECT_OBJC_ISA_USAGE = YES_ERROR;
				CLANG_WARN_DOCUMENTATION_COMMENTS = YES;
				CLANG_WARN_EMPTY_BODY = YES;
				CLANG_WARN_ENUM_CONVERSION = YES;
				CLANG_WARN_INFINITE_RECURSION = YES;
				CLANG_WARN_INT_CONVERSION = YES;
				CLANG_WARN_NON_LITERAL_NULL_CONVERSION = YES;
				CLANG_WARN_OBJC_LITERAL_CONVERSION = YES;
				CLANG_WARN_OBJC_ROOT_CLASS = YES_ERROR;
				CLANG_WARN_RANGE_LOOP_ANALYSIS = YES;
				CLANG_WARN_STRICT_PROTOTYPES = YES;
				CLANG_WARN_SUSPICIOUS_MOVE = YES;
				CLANG_WARN_UNGUARDED_AVAILABILITY = YES_AGGRESSIVE;
				CLANG_WARN_UNREACHABLE_CODE = YES;
				CLANG_WARN__DUPLICATE_METHOD_MATCH = YES;
				CODE_SIGN_IDENTITY = "iPhone Developer";
				COPY_PHASE_STRIP = NO;
				DEBUG_INFORMATION_FORMAT = dwarf;
				ENABLE_STRICT_OBJC_MSGSEND = YES;
				ENABLE_TESTABILITY = YES;
				GCC_C_LANGUAGE_STANDARD = gnu11;
				GCC_DYNAMIC_NO_PIC = NO;
				GCC_NO_COMMON_BLOCKS = YES;
				GCC_OPTIMIZATION_LEVEL = 0;
				GCC_PREPROCESSOR_DEFINITIONS = (
					"DEBUG=1",
					"$(inherited)",
				);
				GCC_WARN_64_TO_32_BIT_CONVERSION = YES;
				GCC_WARN_ABOUT_RETURN_TYPE = YES_ERROR;
				GCC_WARN_UNDECLARED_SELECTOR = YES;
				GCC_WARN_UNINITIALIZED_AUTOS = YES_AGGRESSIVE;
				GCC_WARN_UNUSED_FUNCTION = YES;
				GCC_WARN_UNUSED_VARIABLE = YES;
				IPHONEOS_DEPLOYMENT_TARGET = 11.0;
				MTL_ENABLE_DEBUG_INFO = YES;
				ONLY_ACTIVE_ARCH = YES;
				SDKROOT = iphoneos;
				SWIFT_ACTIVE_COMPILATION_CONDITIONS = DEBUG;
				SWIFT_OPTIMIZATION_LEVEL = "-Onone";
			};
			name = Debug;
		};
		8BF2BB091F3B8BE8009335DF /* Release */ = {
			isa = XCBuildConfiguration;
			buildSettings = {
				ALWAYS_SEARCH_USER_PATHS = NO;
				CLANG_ANALYZER_NONNULL = YES;
				CLANG_ANALYZER_NUMBER_OBJECT_CONVERSION = YES_AGGRESSIVE;
				CLANG_CXX_LANGUAGE_STANDARD = "gnu++14";
				CLANG_CXX_LIBRARY = "libc++";
				CLANG_ENABLE_MODULES = YES;
				CLANG_ENABLE_OBJC_ARC = YES;
				CLANG_WARN_BLOCK_CAPTURE_AUTORELEASING = YES;
				CLANG_WARN_BOOL_CONVERSION = YES;
				CLANG_WARN_COMMA = YES;
				CLANG_WARN_CONSTANT_CONVERSION = YES;
				CLANG_WARN_DIRECT_OBJC_ISA_USAGE = YES_ERROR;
				CLANG_WARN_DOCUMENTATION_COMMENTS = YES;
				CLANG_WARN_EMPTY_BODY = YES;
				CLANG_WARN_ENUM_CONVERSION = YES;
				CLANG_WARN_INFINITE_RECURSION = YES;
				CLANG_WARN_INT_CONVERSION = YES;
				CLANG_WARN_NON_LITERAL_NULL_CONVERSION = YES;
				CLANG_WARN_OBJC_LITERAL_CONVERSION = YES;
				CLANG_WARN_OBJC_ROOT_CLASS = YES_ERROR;
				CLANG_WARN_RANGE_LOOP_ANALYSIS = YES;
				CLANG_WARN_STRICT_PROTOTYPES = YES;
				CLANG_WARN_SUSPICIOUS_MOVE = YES;
				CLANG_WARN_UNGUARDED_AVAILABILITY = YES_AGGRESSIVE;
				CLANG_WARN_UNREACHABLE_CODE = YES;
				CLANG_WARN__DUPLICATE_METHOD_MATCH = YES;
				CODE_SIGN_IDENTITY = "iPhone Developer";
				COPY_PHASE_STRIP = NO;
				DEBUG_INFORMATION_FORMAT = "dwarf-with-dsym";
				ENABLE_NS_ASSERTIONS = NO;
				ENABLE_STRICT_OBJC_MSGSEND = YES;
				GCC_C_LANGUAGE_STANDARD = gnu11;
				GCC_NO_COMMON_BLOCKS = YES;
				GCC_WARN_64_TO_32_BIT_CONVERSION = YES;
				GCC_WARN_ABOUT_RETURN_TYPE = YES_ERROR;
				GCC_WARN_UNDECLARED_SELECTOR = YES;
				GCC_WARN_UNINITIALIZED_AUTOS = YES_AGGRESSIVE;
				GCC_WARN_UNUSED_FUNCTION = YES;
				GCC_WARN_UNUSED_VARIABLE = YES;
				IPHONEOS_DEPLOYMENT_TARGET = 11.0;
				MTL_ENABLE_DEBUG_INFO = NO;
				SDKROOT = iphoneos;
				SWIFT_OPTIMIZATION_LEVEL = "-Owholemodule";
				VALIDATE_PRODUCT = YES;
			};
			name = Release;
		};
		8BF2BB0B1F3B8BE8009335DF /* Debug */ = {
			isa = XCBuildConfiguration;
			buildSettings = {
				ASSETCATALOG_COMPILER_APPICON_NAME = AppIcon;
				INFOPLIST_FILE = TableViewSelfSizing/Info.plist;
				LD_RUNPATH_SEARCH_PATHS = "$(inherited) @executable_path/Frameworks";
				PRODUCT_BUNDLE_IDENTIFIER = com.ioscafe.TableViewSelfSizing;
				PRODUCT_NAME = "$(TARGET_NAME)";
				SWIFT_VERSION = 4.0;
				TARGETED_DEVICE_FAMILY = "1,2";
			};
			name = Debug;
		};
		8BF2BB0C1F3B8BE8009335DF /* Release */ = {
			isa = XCBuildConfiguration;
			buildSettings = {
				ASSETCATALOG_COMPILER_APPICON_NAME = AppIcon;
				INFOPLIST_FILE = TableViewSelfSizing/Info.plist;
				LD_RUNPATH_SEARCH_PATHS = "$(inherited) @executable_path/Frameworks";
				PRODUCT_BUNDLE_IDENTIFIER = com.ioscafe.TableViewSelfSizing;
				PRODUCT_NAME = "$(TARGET_NAME)";
				SWIFT_VERSION = 4.0;
				TARGETED_DEVICE_FAMILY = "1,2";
			};
			name = Release;
		};
/* End XCBuildConfiguration section */

/* Begin XCConfigurationList section */
		8BF2BAF31F3B8BE8009335DF /* Build configuration list for PBXProject "TableViewSelfSizing" */ = {
			isa = XCConfigurationList;
			buildConfigurations = (
				8BF2BB081F3B8BE8009335DF /* Debug */,
				8BF2BB091F3B8BE8009335DF /* Release */,
			);
			defaultConfigurationIsVisible = 0;
			defaultConfigurationName = Release;
		};
		8BF2BB0A1F3B8BE8009335DF /* Build configuration list for PBXNativeTarget "TableViewSelfSizing" */ = {
			isa = XCConfigurationList;
			buildConfigurations = (
				8BF2BB0B1F3B8BE8009335DF /* Debug */,
				8BF2BB0C1F3B8BE8009335DF /* Release */,
			);
			defaultConfigurationIsVisible = 0;
			defaultConfigurationName = Release;
		};
/* End XCConfigurationList section */
	};
	rootObject = 8BF2BAF01F3B8BE8009335DF /* Project object */;
}
