// !$*UTF8*$!
{
	archiveVersion = 1;
	classes = {
	};
	objectVersion = 48;
	objects = {

/* Begin PBXBuildFile section */
		8B27D67F1F766A61001F93D2 /* AppDelegate.swift in Sources */ = {isa = PBXBuildFile; fileRef = 8B27D67E1F766A61001F93D2 /* AppDelegate.swift */; };
		8B27D6811F766A61001F93D2 /* ViewController.swift in Sources */ = {isa = PBXBuildFile; fileRef = 8B27D6801F766A61001F93D2 /* ViewController.swift */; };
		8B27D6841F766A61001F93D2 /* Main.storyboard in Resources */ = {isa = PBXBuildFile; fileRef = 8B27D6821F766A61001F93D2 /* Main.storyboard */; };
		8B27D6861F766A61001F93D2 /* Assets.xcassets in Resources */ = {isa = PBXBuildFile; fileRef = 8B27D6851F766A61001F93D2 /* Assets.xcassets */; };
		8B27D6891F766A61001F93D2 /* LaunchScreen.storyboard in Resources */ = {isa = PBXBuildFile; fileRef = 8B27D6871F766A61001F93D2 /* LaunchScreen.storyboard */; };
		8B27D6941F766A61001F93D2 /* BitsTests.swift in Sources */ = {isa = PBXBuildFile; fileRef = 8B27D6931F766A61001F93D2 /* BitsTests.swift */; };
		8B27D69F1F766AAD001F93D2 /* Bit.swift in Sources */ = {isa = PBXBuildFile; fileRef = 8B27D69E1F766AAD001F93D2 /* Bit.swift */; };
/* End PBXBuildFile section */

/* Begin PBXContainerItemProxy section */
		8B27D6901F766A61001F93D2 /* PBXContainerItemProxy */ = {
			isa = PBXContainerItemProxy;
			containerPortal = 8B27D6731F766A61001F93D2 /* Project object */;
			proxyType = 1;
			remoteGlobalIDString = 8B27D67A1F766A61001F93D2;
			remoteInfo = Bits;
		};
/* End PBXContainerItemProxy section */

/* Begin PBXFileReference section */
		8B27D67B1F766A61001F93D2 /* Bits.app */ = {isa = PBXFileReference; explicitFileType = wrapper.application; includeInIndex = 0; path = Bits.app; sourceTree = BUILT_PRODUCTS_DIR; };
		8B27D67E1F766A61001F93D2 /* AppDelegate.swift */ = {isa = PBXFileReference; lastKnownFileType = sourcecode.swift; path = AppDelegate.swift; sourceTree = "<group>"; };
		8B27D6801F766A61001F93D2 /* ViewController.swift */ = {isa = PBXFileReference; lastKnownFileType = sourcecode.swift; path = ViewController.swift; sourceTree = "<group>"; };
		8B27D6831F766A61001F93D2 /* Base */ = {isa = PBXFileReference; lastKnownFileType = file.storyboard; name = Base; path = Base.lproj/Main.storyboard; sourceTree = "<group>"; };
		8B27D6851F766A61001F93D2 /* Assets.xcassets */ = {isa = PBXFileReference; lastKnownFileType = folder.assetcatalog; path = Assets.xcassets; sourceTree = "<group>"; };
		8B27D6881F766A61001F93D2 /* Base */ = {isa = PBXFileReference; lastKnownFileType = file.storyboard; name = Base; path = Base.lproj/LaunchScreen.storyboard; sourceTree = "<group>"; };
		8B27D68A1F766A61001F93D2 /* Info.plist */ = {isa = PBXFileReference; lastKnownFileType = text.plist.xml; path = Info.plist; sourceTree = "<group>"; };
		8B27D68F1F766A61001F93D2 /* BitsTests.xctest */ = {isa = PBXFileReference; explicitFileType = wrapper.cfbundle; includeInIndex = 0; path = BitsTests.xctest; sourceTree = BUILT_PRODUCTS_DIR; };
		8B27D6931F766A61001F93D2 /* BitsTests.swift */ = {isa = PBXFileReference; lastKnownFileType = sourcecode.swift; path = BitsTests.swift; sourceTree = "<group>"; };
		8B27D6951F766A61001F93D2 /* Info.plist */ = {isa = PBXFileReference; lastKnownFileType = text.plist.xml; path = Info.plist; sourceTree = "<group>"; };
		8B27D69E1F766AAD001F93D2 /* Bit.swift */ = {isa = PBXFileReference; lastKnownFileType = sourcecode.swift; path = Bit.swift; sourceTree = "<group>"; };
/* End PBXFileReference section */

/* Begin PBXFrameworksBuildPhase section */
		8B27D6781F766A61001F93D2 /* Frameworks */ = {
			isa = PBXFrameworksBuildPhase;
			buildActionMask = 2147483647;
			files = (
			);
			runOnlyForDeploymentPostprocessing = 0;
		};
		8B27D68C1F766A61001F93D2 /* Frameworks */ = {
			isa = PBXFrameworksBuildPhase;
			buildActionMask = 2147483647;
			files = (
			);
			runOnlyForDeploymentPostprocessing = 0;
		};
/* End PBXFrameworksBuildPhase section */

/* Begin PBXGroup section */
		8B27D6721F766A61001F93D2 = {
			isa = PBXGroup;
			children = (
				8B27D67D1F766A61001F93D2 /* Bits */,
				8B27D6921F766A61001F93D2 /* BitsTests */,
				8B27D67C1F766A61001F93D2 /* Products */,
			);
			sourceTree = "<group>";
		};
		8B27D67C1F766A61001F93D2 /* Products */ = {
			isa = PBXGroup;
			children = (
				8B27D67B1F766A61001F93D2 /* Bits.app */,
				8B27D68F1F766A61001F93D2 /* BitsTests.xctest */,
			);
			name = Products;
			sourceTree = "<group>";
		};
		8B27D67D1F766A61001F93D2 /* Bits */ = {
			isa = PBXGroup;
			children = (
				8B27D67E1F766A61001F93D2 /* AppDelegate.swift */,
				8B27D6801F766A61001F93D2 /* ViewController.swift */,
				8B27D6821F766A61001F93D2 /* Main.storyboard */,
				8B27D6851F766A61001F93D2 /* Assets.xcassets */,
				8B27D6871F766A61001F93D2 /* LaunchScreen.storyboard */,
				8B27D68A1F766A61001F93D2 /* Info.plist */,
				8B27D69E1F766AAD001F93D2 /* Bit.swift */,
			);
			path = Bits;
			sourceTree = "<group>";
		};
		8B27D6921F766A61001F93D2 /* BitsTests */ = {
			isa = PBXGroup;
			children = (
				8B27D6931F766A61001F93D2 /* BitsTests.swift */,
				8B27D6951F766A61001F93D2 /* Info.plist */,
			);
			path = BitsTests;
			sourceTree = "<group>";
		};
/* End PBXGroup section */

/* Begin PBXNativeTarget section */
		8B27D67A1F766A61001F93D2 /* Bits */ = {
			isa = PBXNativeTarget;
			buildConfigurationList = 8B27D6981F766A61001F93D2 /* Build configuration list for PBXNativeTarget "Bits" */;
			buildPhases = (
				8B27D6771F766A61001F93D2 /* Sources */,
				8B27D6781F766A61001F93D2 /* Frameworks */,
				8B27D6791F766A61001F93D2 /* Resources */,
			);
			buildRules = (
			);
			dependencies = (
			);
			name = Bits;
			productName = Bits;
			productReference = 8B27D67B1F766A61001F93D2 /* Bits.app */;
			productType = "com.apple.product-type.application";
		};
		8B27D68E1F766A61001F93D2 /* BitsTests */ = {
			isa = PBXNativeTarget;
			buildConfigurationList = 8B27D69B1F766A61001F93D2 /* Build configuration list for PBXNativeTarget "BitsTests" */;
			buildPhases = (
				8B27D68B1F766A61001F93D2 /* Sources */,
				8B27D68C1F766A61001F93D2 /* Frameworks */,
				8B27D68D1F766A61001F93D2 /* Resources */,
			);
			buildRules = (
			);
			dependencies = (
				8B27D6911F766A61001F93D2 /* PBXTargetDependency */,
			);
			name = BitsTests;
			productName = BitsTests;
			productReference = 8B27D68F1F766A61001F93D2 /* BitsTests.xctest */;
			productType = "com.apple.product-type.bundle.unit-test";
		};
/* End PBXNativeTarget section */

/* Begin PBXProject section */
		8B27D6731F766A61001F93D2 /* Project object */ = {
			isa = PBXProject;
			attributes = {
				LastSwiftUpdateCheck = 0900;
				LastUpgradeCheck = 0900;
				ORGANIZATIONNAME = "iOS Café";
				TargetAttributes = {
					8B27D67A1F766A61001F93D2 = {
						CreatedOnToolsVersion = 9.0;
						ProvisioningStyle = Automatic;
					};
					8B27D68E1F766A61001F93D2 = {
						CreatedOnToolsVersion = 9.0;
						ProvisioningStyle = Automatic;
						TestTargetID = 8B27D67A1F766A61001F93D2;
					};
				};
			};
			buildConfigurationList = 8B27D6761F766A61001F93D2 /* Build configuration list for PBXProject "Bits" */;
			compatibilityVersion = "Xcode 8.0";
			developmentRegion = en;
			hasScannedForEncodings = 0;
			knownRegions = (
				en,
				Base,
			);
			mainGroup = 8B27D6721F766A61001F93D2;
			productRefGroup = 8B27D67C1F766A61001F93D2 /* Products */;
			projectDirPath = "";
			projectRoot = "";
			targets = (
				8B27D67A1F766A61001F93D2 /* Bits */,
				8B27D68E1F766A61001F93D2 /* BitsTests */,
			);
		};
/* End PBXProject section */

/* Begin PBXResourcesBuildPhase section */
		8B27D6791F766A61001F93D2 /* Resources */ = {
			isa = PBXResourcesBuildPhase;
			buildActionMask = 2147483647;
			files = (
				8B27D6891F766A61001F93D2 /* LaunchScreen.storyboard in Resources */,
				8B27D6861F766A61001F93D2 /* Assets.xcassets in Resources */,
				8B27D6841F766A61001F93D2 /* Main.storyboard in Resources */,
			);
			runOnlyForDeploymentPostprocessing = 0;
		};
		8B27D68D1F766A61001F93D2 /* Resources */ = {
			isa = PBXResourcesBuildPhase;
			buildActionMask = 2147483647;
			files = (
			);
			runOnlyForDeploymentPostprocessing = 0;
		};
/* End PBXResourcesBuildPhase section */

/* Begin PBXSourcesBuildPhase section */
		8B27D6771F766A61001F93D2 /* Sources */ = {
			isa = PBXSourcesBuildPhase;
			buildActionMask = 2147483647;
			files = (
				8B27D6811F766A61001F93D2 /* ViewController.swift in Sources */,
				8B27D69F1F766AAD001F93D2 /* Bit.swift in Sources */,
				8B27D67F1F766A61001F93D2 /* AppDelegate.swift in Sources */,
			);
			runOnlyForDeploymentPostprocessing = 0;
		};
		8B27D68B1F766A61001F93D2 /* Sources */ = {
			isa = PBXSourcesBuildPhase;
			buildActionMask = 2147483647;
			files = (
				8B27D6941F766A61001F93D2 /* BitsTests.swift in Sources */,
			);
			runOnlyForDeploymentPostprocessing = 0;
		};
/* End PBXSourcesBuildPhase section */

/* Begin PBXTargetDependency section */
		8B27D6911F766A61001F93D2 /* PBXTargetDependency */ = {
			isa = PBXTargetDependency;
			target = 8B27D67A1F766A61001F93D2 /* Bits */;
			targetProxy = 8B27D6901F766A61001F93D2 /* PBXContainerItemProxy */;
		};
/* End PBXTargetDependency section */

/* Begin PBXVariantGroup section */
		8B27D6821F766A61001F93D2 /* Main.storyboard */ = {
			isa = PBXVariantGroup;
			children = (
				8B27D6831F766A61001F93D2 /* Base */,
			);
			name = Main.storyboard;
			sourceTree = "<group>";
		};
		8B27D6871F766A61001F93D2 /* LaunchScreen.storyboard */ = {
			isa = PBXVariantGroup;
			children = (
				8B27D6881F766A61001F93D2 /* Base */,
			);
			name = LaunchScreen.storyboard;
			sourceTree = "<group>";
		};
/* End PBXVariantGroup section */

/* Begin XCBuildConfiguration section */
		8B27D6961F766A61001F93D2 /* Debug */ = {
			isa = XCBuildConfiguration;
			buildSettings = {
				ALWAYS_SEARCH_USER_PATHS = NO;
				CLANG_ANALYZER_NONNULL = YES;
				CLANG_ANALYZER_NUMBER_OBJECT_CONVERSION = YES_AGGRESSIVE;
				CLANG_CXX_LANGUAGE_STANDARD = "gnu++14";
				CLANG_CXX_LIBRARY = "libc++";
				CLANG_ENABLE_MODULES = YES;
				CLANG_ENABLE_OBJC_ARC = YES;
				CLANG_WARN_BLOCK_CAPTURE_AUTORELEASING = YES;
				CLANG_WARN_BOOL_CONVERSION = YES;
				CLANG_WARN_COMMA = YES;
				CLANG_WARN_CONSTANT_CONVERSION = YES;
				CLANG_WARN_DIRECT_OBJC_ISA_USAGE = YES_ERROR;
				CLANG_WARN_DOCUMENTATION_COMMENTS = YES;
				CLANG_WARN_EMPTY_BODY = YES;
				CLANG_WARN_ENUM_CONVERSION = YES;
				CLANG_WARN_INFINITE_RECURSION = YES;
				CLANG_WARN_INT_CONVERSION = YES;
				CLANG_WARN_NON_LITERAL_NULL_CONVERSION = YES;
				CLANG_WARN_OBJC_LITERAL_CONVERSION = YES;
				CLANG_WARN_OBJC_ROOT_CLASS = YES_ERROR;
				CLANG_WARN_RANGE_LOOP_ANALYSIS = YES;
				CLANG_WARN_STRICT_PROTOTYPES = YES;
				CLANG_WARN_SUSPICIOUS_MOVE = YES;
				CLANG_WARN_UNGUARDED_AVAILABILITY = YES_AGGRESSIVE;
				CLANG_WARN_UNREACHABLE_CODE = YES;
				CLANG_WARN__DUPLICATE_METHOD_MATCH = YES;
				CODE_SIGN_IDENTITY = "iPhone Developer";
				COPY_PHASE_STRIP = NO;
				DEBUG_INFORMATION_FORMAT = dwarf;
				ENABLE_STRICT_OBJC_MSGSEND = YES;
				ENABLE_TESTABILITY = YES;
				GCC_C_LANGUAGE_STANDARD = gnu11;
				GCC_DYNAMIC_NO_PIC = NO;
				GCC_NO_COMMON_BLOCKS = YES;
				GCC_OPTIMIZATION_LEVEL = 0;
				GCC_PREPROCESSOR_DEFINITIONS = (
					"DEBUG=1",
					"$(inherited)",
				);
				GCC_WARN_64_TO_32_BIT_CONVERSION = YES;
				GCC_WARN_ABOUT_RETURN_TYPE = YES_ERROR;
				GCC_WARN_UNDECLARED_SELECTOR = YES;
				GCC_WARN_UNINITIALIZED_AUTOS = YES_AGGRESSIVE;
				GCC_WARN_UNUSED_FUNCTION = YES;
				GCC_WARN_UNUSED_VARIABLE = YES;
				IPHONEOS_DEPLOYMENT_TARGET = 11.0;
				MTL_ENABLE_DEBUG_INFO = YES;
				ONLY_ACTIVE_ARCH = YES;
				SDKROOT = iphoneos;
				SWIFT_ACTIVE_COMPILATION_CONDITIONS = DEBUG;
				SWIFT_OPTIMIZATION_LEVEL = "-Onone";
			};
			name = Debug;
		};
		8B27D6971F766A61001F93D2 /* Release */ = {
			isa = XCBuildConfiguration;
			buildSettings = {
				ALWAYS_SEARCH_USER_PATHS = NO;
				CLANG_ANALYZER_NONNULL = YES;
				CLANG_ANALYZER_NUMBER_OBJECT_CONVERSION = YES_AGGRESSIVE;
				CLANG_CXX_LANGUAGE_STANDARD = "gnu++14";
				CLANG_CXX_LIBRARY = "libc++";
				CLANG_ENABLE_MODULES = YES;
				CLANG_ENABLE_OBJC_ARC = YES;
				CLANG_WARN_BLOCK_CAPTURE_AUTORELEASING = YES;
				CLANG_WARN_BOOL_CONVERSION = YES;
				CLANG_WARN_COMMA = YES;
				CLANG_WARN_CONSTANT_CONVERSION = YES;
				CLANG_WARN_DIRECT_OBJC_ISA_USAGE = YES_ERROR;
				CLANG_WARN_DOCUMENTATION_COMMENTS = YES;
				CLANG_WARN_EMPTY_BODY = YES;
				CLANG_WARN_ENUM_CONVERSION = YES;
				CLANG_WARN_INFINITE_RECURSION = YES;
				CLANG_WARN_INT_CONVERSION = YES;
				CLANG_WARN_NON_LITERAL_NULL_CONVERSION = YES;
				CLANG_WARN_OBJC_LITERAL_CONVERSION = YES;
				CLANG_WARN_OBJC_ROOT_CLASS = YES_ERROR;
				CLANG_WARN_RANGE_LOOP_ANALYSIS = YES;
				CLANG_WARN_STRICT_PROTOTYPES = YES;
				CLANG_WARN_SUSPICIOUS_MOVE = YES;
				CLANG_WARN_UNGUARDED_AVAILABILITY = YES_AGGRESSIVE;
				CLANG_WARN_UNREACHABLE_CODE = YES;
				CLANG_WARN__DUPLICATE_METHOD_MATCH = YES;
				CODE_SIGN_IDENTITY = "iPhone Developer";
				COPY_PHASE_STRIP = NO;
				DEBUG_INFORMATION_FORMAT = "dwarf-with-dsym";
				ENABLE_NS_ASSERTIONS = NO;
				ENABLE_STRICT_OBJC_MSGSEND = YES;
				GCC_C_LANGUAGE_STANDARD = gnu11;
				GCC_NO_COMMON_BLOCKS = YES;
				GCC_WARN_64_TO_32_BIT_CONVERSION = YES;
				GCC_WARN_ABOUT_RETURN_TYPE = YES_ERROR;
				GCC_WARN_UNDECLARED_SELECTOR = YES;
				GCC_WARN_UNINITIALIZED_AUTOS = YES_AGGRESSIVE;
				GCC_WARN_UNUSED_FUNCTION = YES;
				GCC_WARN_UNUSED_VARIABLE = YES;
				IPHONEOS_DEPLOYMENT_TARGET = 11.0;
				MTL_ENABLE_DEBUG_INFO = NO;
				SDKROOT = iphoneos;
				SWIFT_OPTIMIZATION_LEVEL = "-Owholemodule";
				VALIDATE_PRODUCT = YES;
			};
			name = Release;
		};
		8B27D6991F766A61001F93D2 /* Debug */ = {
			isa = XCBuildConfiguration;
			buildSettings = {
				ASSETCATALOG_COMPILER_APPICON_NAME = AppIcon;
				CODE_SIGN_STYLE = Automatic;
				INFOPLIST_FILE = Bits/Info.plist;
				LD_RUNPATH_SEARCH_PATHS = "$(inherited) @executable_path/Frameworks";
				PRODUCT_BUNDLE_IDENTIFIER = com.ioscafe.Bits;
				PRODUCT_NAME = "$(TARGET_NAME)";
				SWIFT_VERSION = 4.0;
				TARGETED_DEVICE_FAMILY = "1,2";
			};
			name = Debug;
		};
		8B27D69A1F766A61001F93D2 /* Release */ = {
			isa = XCBuildConfiguration;
			buildSettings = {
				ASSETCATALOG_COMPILER_APPICON_NAME = AppIcon;
				CODE_SIGN_STYLE = Automatic;
				INFOPLIST_FILE = Bits/Info.plist;
				LD_RUNPATH_SEARCH_PATHS = "$(inherited) @executable_path/Frameworks";
				PRODUCT_BUNDLE_IDENTIFIER = com.ioscafe.Bits;
				PRODUCT_NAME = "$(TARGET_NAME)";
				SWIFT_VERSION = 4.0;
				TARGETED_DEVICE_FAMILY = "1,2";
			};
			name = Release;
		};
		8B27D69C1F766A61001F93D2 /* Debug */ = {
			isa = XCBuildConfiguration;
			buildSettings = {
				ALWAYS_EMBED_SWIFT_STANDARD_LIBRARIES = YES;
				BUNDLE_LOADER = "$(TEST_HOST)";
				CODE_SIGN_STYLE = Automatic;
				INFOPLIST_FILE = BitsTests/Info.plist;
				LD_RUNPATH_SEARCH_PATHS = "$(inherited) @executable_path/Frameworks @loader_path/Frameworks";
				PRODUCT_BUNDLE_IDENTIFIER = com.ioscafe.BitsTests;
				PRODUCT_NAME = "$(TARGET_NAME)";
				SWIFT_VERSION = 4.0;
				TARGETED_DEVICE_FAMILY = "1,2";
				TEST_HOST = "$(BUILT_PRODUCTS_DIR)/Bits.app/Bits";
			};
			name = Debug;
		};
		8B27D69D1F766A61001F93D2 /* Release */ = {
			isa = XCBuildConfiguration;
			buildSettings = {
				ALWAYS_EMBED_SWIFT_STANDARD_LIBRARIES = YES;
				BUNDLE_LOADER = "$(TEST_HOST)";
				CODE_SIGN_STYLE = Automatic;
				INFOPLIST_FILE = BitsTests/Info.plist;
				LD_RUNPATH_SEARCH_PATHS = "$(inherited) @executable_path/Frameworks @loader_path/Frameworks";
				PRODUCT_BUNDLE_IDENTIFIER = com.ioscafe.BitsTests;
				PRODUCT_NAME = "$(TARGET_NAME)";
				SWIFT_VERSION = 4.0;
				TARGETED_DEVICE_FAMILY = "1,2";
				TEST_HOST = "$(BUILT_PRODUCTS_DIR)/Bits.app/Bits";
			};
			name = Release;
		};
/* End XCBuildConfiguration section */

/* Begin XCConfigurationList section */
		8B27D6761F766A61001F93D2 /* Build configuration list for PBXProject "Bits" */ = {
			isa = XCConfigurationList;
			buildConfigurations = (
				8B27D6961F766A61001F93D2 /* Debug */,
				8B27D6971F766A61001F93D2 /* Release */,
			);
			defaultConfigurationIsVisible = 0;
			defaultConfigurationName = Release;
		};
		8B27D6981F766A61001F93D2 /* Build configuration list for PBXNativeTarget "Bits" */ = {
			isa = XCConfigurationList;
			buildConfigurations = (
				8B27D6991F766A61001F93D2 /* Debug */,
				8B27D69A1F766A61001F93D2 /* Release */,
			);
			defaultConfigurationIsVisible = 0;
			defaultConfigurationName = Release;
		};
		8B27D69B1F766A61001F93D2 /* Build configuration list for PBXNativeTarget "BitsTests" */ = {
			isa = XCConfigurationList;
			buildConfigurations = (
				8B27D69C1F766A61001F93D2 /* Debug */,
				8B27D69D1F766A61001F93D2 /* Release */,
			);
			defaultConfigurationIsVisible = 0;
			defaultConfigurationName = Release;
		};
/* End XCConfigurationList section */
	};
	rootObject = 8B27D6731F766A61001F93D2 /* Project object */;
}
